
Microsoft Visual Studio Solution File, Format Version 12.00
Project("{FAE04EC0-301F-11D3-BF4B-00C04F79EFBC}") = "Blazor123", "Blazor123\Blazor123.csproj", "{7F664C89-5DD3-467F-A83A-0180CEFB4A93}"
EndProject
Project("{FAE04EC0-301F-11D3-BF4B-00C04F79EFBC}") = "ServiceDefaults", "ServiceDefaults\ServiceDefaults.csproj", "{01F901FD-7C74-4289-967A-D9A186D34B1A}"
EndProject
Project("{FAE04EC0-301F-11D3-BF4B-00C04F79EFBC}") = "AppHost", "AppHost\AppHost.csproj", "{5867C486-6A94-437E-A6EB-F6EB6455DCD9}"
EndProject
Project("{FAE04EC0-301F-11D3-BF4B-00C04F79EFBC}") = "WebApi", "WebApi\WebApi.csproj", "{6214EBD9-B65C-4A9E-A3FF-BBA495AD2CA1}"
EndProject
Global
	GlobalSection(SolutionConfigurationPlatforms) = preSolution
		Debug|Any CPU = Debug|Any CPU
		Release|Any CPU = Release|Any CPU
	EndGlobalSection
	GlobalSection(ProjectConfigurationPlatforms) = postSolution
		{7F664C89-5DD3-467F-A83A-0180CEFB4A93}.Debug|Any CPU.ActiveCfg = Debug|Any CPU
		{7F664C89-5DD3-467F-A83A-0180CEFB4A93}.Debug|Any CPU.Build.0 = Debug|Any CPU
		{7F664C89-5DD3-467F-A83A-0180CEFB4A93}.Release|Any CPU.ActiveCfg = Release|Any CPU
		{7F664C89-5DD3-467F-A83A-0180CEFB4A93}.Release|Any CPU.Build.0 = Release|Any CPU
		{01F901FD-7C74-4289-967A-D9A186D34B1A}.Debug|Any CPU.ActiveCfg = Debug|Any CPU
		{01F901FD-7C74-4289-967A-D9A186D34B1A}.Debug|Any CPU.Build.0 = Debug|Any CPU
		{01F901FD-7C74-4289-967A-D9A186D34B1A}.Release|Any CPU.ActiveCfg = Release|Any CPU
		{01F901FD-7C74-4289-967A-D9A186D34B1A}.Release|Any CPU.Build.0 = Release|Any CPU
		{5867C486-6A94-437E-A6EB-F6EB6455DCD9}.Debug|Any CPU.ActiveCfg = Debug|Any CPU
		{5867C486-6A94-437E-A6EB-F6EB6455DCD9}.Debug|Any CPU.Build.0 = Debug|Any CPU
		{5867C486-6A94-437E-A6EB-F6EB6455DCD9}.Release|Any CPU.ActiveCfg = Release|Any CPU
		{5867C486-6A94-437E-A6EB-F6EB6455DCD9}.Release|Any CPU.Build.0 = Release|Any CPU
		{6214EBD9-B65C-4A9E-A3FF-BBA495AD2CA1}.Debug|Any CPU.ActiveCfg = Debug|Any CPU
		{6214EBD9-B65C-4A9E-A3FF-BBA495AD2CA1}.Debug|Any CPU.Build.0 = Debug|Any CPU
		{6214EBD9-B65C-4A9E-A3FF-BBA495AD2CA1}.Release|Any CPU.ActiveCfg = Release|Any CPU
		{6214EBD9-B65C-4A9E-A3FF-BBA495AD2CA1}.Release|Any CPU.Build.0 = Release|Any CPU
	EndGlobalSection
EndGlobal
